// !$*UTF8*$!
{
	archiveVersion = 1;
	classes = {
	};
	objectVersion = 46;
	objects = {
/* Begin PBXBuildFile section */
		00E356F31AD99517003FC87E /* desinfurnatorTests.m in Sources */ = {isa = PBXBuildFile; fileRef = 00E356F21AD99517003FC87E /* desinfurnatorTests.m */; };
		13B07FBC1A68108700A75B9A /* AppDelegate.m in Sources */ = {isa = PBXBuildFile; fileRef = 13B07FB01A68108700A75B9A /* AppDelegate.m */; };
		13B07FBD1A68108700A75B9A /* LaunchScreen.xib in Resources */ = {isa = PBXBuildFile; fileRef = 13B07FB11A68108700A75B9A /* LaunchScreen.xib */; };
		13B07FBF1A68108700A75B9A /* Images.xcassets in Resources */ = {isa = PBXBuildFile; fileRef = 13B07FB51A68108700A75B9A /* Images.xcassets */; };
		13B07FC11A68108700A75B9A /* main.m in Sources */ = {isa = PBXBuildFile; fileRef = 13B07FB71A68108700A75B9A /* main.m */; };
		2D02E4BC1E0B4A80006451C7 /* AppDelegate.m in Sources */ = {isa = PBXBuildFile; fileRef = 13B07FB01A68108700A75B9A /* AppDelegate.m */; };
		2D02E4BD1E0B4A84006451C7 /* Images.xcassets in Resources */ = {isa = PBXBuildFile; fileRef = 13B07FB51A68108700A75B9A /* Images.xcassets */; };
		2D02E4BF1E0B4AB3006451C7 /* main.m in Sources */ = {isa = PBXBuildFile; fileRef = 13B07FB71A68108700A75B9A /* main.m */; };
		2DCD954D1E0B4F2C00145EB5 /* desinfurnatorTests.m in Sources */ = {isa = PBXBuildFile; fileRef = 00E356F21AD99517003FC87E /* desinfurnatorTests.m */; };
		30F7C7B820710CD834394FE4 /* libPods-desinfurnatorTests.a in Frameworks */ = {isa = PBXBuildFile; fileRef = 287776167AE4000D665A5368 /* libPods-desinfurnatorTests.a */; };
		4CA97A8BC2D2CBBF50BEF047 /* libPods-desinfurnator-tvOSTests.a in Frameworks */ = {isa = PBXBuildFile; fileRef = FF9DD1C5341510C3FBA307D2 /* libPods-desinfurnator-tvOSTests.a */; };
		7DBD053409C07E15C80944E6 /* libPods-desinfurnator.a in Frameworks */ = {isa = PBXBuildFile; fileRef = B016DE916C90C1494C9ADC79 /* libPods-desinfurnator.a */; };
		EC69920BD490C218F07B833E /* libPods-desinfurnator-tvOS.a in Frameworks */ = {isa = PBXBuildFile; fileRef = 7973E671F982E1679B29CE3F /* libPods-desinfurnator-tvOS.a */; };
		384ED920189A4775A15AFEB6 /* FiraSans-Black.ttf in Resources */ = {isa = PBXBuildFile; fileRef = 286E7E1956064C06AC0C3B4D /* FiraSans-Black.ttf */; };
		71904F4BD343411A954326FA /* FiraSans-BlackItalic.ttf in Resources */ = {isa = PBXBuildFile; fileRef = 54F9C88050604477B1D2DE17 /* FiraSans-BlackItalic.ttf */; };
		DC0A1B6AE2744431A1073FBC /* FiraSans-Bold.ttf in Resources */ = {isa = PBXBuildFile; fileRef = 40E4AE5331EA40D2A3886569 /* FiraSans-Bold.ttf */; };
		1B99A68CCDA44118803A70F8 /* FiraSans-BoldItalic.ttf in Resources */ = {isa = PBXBuildFile; fileRef = E10122B87CDC4784A5003A45 /* FiraSans-BoldItalic.ttf */; };
		30F7D0DC1A4A45ECB142CA49 /* FiraSans-ExtraBold.ttf in Resources */ = {isa = PBXBuildFile; fileRef = F8E2505D5C954C31B53B5435 /* FiraSans-ExtraBold.ttf */; };
		9D330443157C4217BE6AE031 /* FiraSans-ExtraBoldItalic.ttf in Resources */ = {isa = PBXBuildFile; fileRef = EFAAA229953F4A6FB1EC7FDB /* FiraSans-ExtraBoldItalic.ttf */; };
		70B3E3B66FBA41638E4885E3 /* FiraSans-ExtraLight.ttf in Resources */ = {isa = PBXBuildFile; fileRef = D402D9121F4A4AA5A7BFE642 /* FiraSans-ExtraLight.ttf */; };
		F56C7B9B60214103B32FDDD2 /* FiraSans-ExtraLightItalic.ttf in Resources */ = {isa = PBXBuildFile; fileRef = D9985CD794CD429C91355A75 /* FiraSans-ExtraLightItalic.ttf */; };
		FA0717D39F744F74B3BE20E5 /* FiraSans-Light.ttf in Resources */ = {isa = PBXBuildFile; fileRef = DBC62F0F384B46909D617E94 /* FiraSans-Light.ttf */; };
		6888BEA6C6954B7D9907B47B /* FiraSans-LightItalic.ttf in Resources */ = {isa = PBXBuildFile; fileRef = FA2AF199122E4CF397507C62 /* FiraSans-LightItalic.ttf */; };
		EABD7AE726634E66A81D6892 /* FiraSans-Medium.ttf in Resources */ = {isa = PBXBuildFile; fileRef = CF7AC5C7BED247D1BCE1E6DC /* FiraSans-Medium.ttf */; };
		0798CC6EF427487ABD8F68AF /* FiraSans-MediumItalic.ttf in Resources */ = {isa = PBXBuildFile; fileRef = 371E10582824480DBF7FACF4 /* FiraSans-MediumItalic.ttf */; };
		B2718C7FB5C940D88C97FD8C /* FiraSans-Regular.ttf in Resources */ = {isa = PBXBuildFile; fileRef = 27EB06E006154323A7D15E18 /* FiraSans-Regular.ttf */; };
		E82CE5F8987B49E38B26CC8E /* FiraSans-RegularItalic.ttf in Resources */ = {isa = PBXBuildFile; fileRef = 0AAB0E5F940348F099B4CCEE /* FiraSans-RegularItalic.ttf */; };
		1A5847E83BF5491AA2D32C6C /* FiraSans-SemiBold.ttf in Resources */ = {isa = PBXBuildFile; fileRef = D6987C13EFB34731A1C8DF50 /* FiraSans-SemiBold.ttf */; };
		1C4656C17A0D434B9D5E0C7D /* FiraSans-SemiBoldItalic.ttf in Resources */ = {isa = PBXBuildFile; fileRef = 82473079218D4509955600E8 /* FiraSans-SemiBoldItalic.ttf */; };
		D2BE07A5553E426CA86D545A /* FiraSans-Thin.ttf in Resources */ = {isa = PBXBuildFile; fileRef = 969ABB5C48AD4B748DCB078D /* FiraSans-Thin.ttf */; };
		ADC3B1ABF7B54935A040C02F /* FiraSans-ThinItalic.ttf in Resources */ = {isa = PBXBuildFile; fileRef = 8121B7089D1C4157813472DE /* FiraSans-ThinItalic.ttf */; };
		F6C19E3EA5BB4705B59D08A9 /* Quicksand-Bold.ttf in Resources */ = {isa = PBXBuildFile; fileRef = 4F92FC970D324BE5BF76B688 /* Quicksand-Bold.ttf */; };
		FD93C61EF8DF4981B844FF3C /* Quicksand-Light.ttf in Resources */ = {isa = PBXBuildFile; fileRef = 6C29487C7C90474AAF4D9A59 /* Quicksand-Light.ttf */; };
		ADB647F527B24D29B95FF522 /* Quicksand-Medium.ttf in Resources */ = {isa = PBXBuildFile; fileRef = 0E1FA96617194EEE9B84FFEC /* Quicksand-Medium.ttf */; };
		150AB580303B4485AD55AC52 /* Quicksand-Regular.ttf in Resources */ = {isa = PBXBuildFile; fileRef = 0BE6DB233F9646DC82A0F8D0 /* Quicksand-Regular.ttf */; };
		FE1EE887490B41C69632CC89 /* Quicksand-SemiBold.ttf in Resources */ = {isa = PBXBuildFile; fileRef = 31BA4BC8DDB1463DABE11B83 /* Quicksand-SemiBold.ttf */; };
/* End PBXBuildFile section */

/* Begin PBXContainerItemProxy section */
		00E356F41AD99517003FC87E /* PBXContainerItemProxy */ = {
			isa = PBXContainerItemProxy;
			containerPortal = 83CBB9F71A601CBA00E9B192 /* Project object */;
			proxyType = 1;
			remoteGlobalIDString = 13B07F861A680F5B00A75B9A;
			remoteInfo = desinfurnator;
		};
		2D02E4911E0B4A5D006451C7 /* PBXContainerItemProxy */ = {
			isa = PBXContainerItemProxy;
			containerPortal = 83CBB9F71A601CBA00E9B192 /* Project object */;
			proxyType = 1;
			remoteGlobalIDString = 2D02E47A1E0B4A5D006451C7;
			remoteInfo = "desinfurnator-tvOS";
		};
/* End PBXContainerItemProxy section */

/* Begin PBXFileReference section */
		008F07F21AC5B25A0029DE68 /* main.jsbundle */ = {isa = PBXFileReference; fileEncoding = 4; lastKnownFileType = text; path = main.jsbundle; sourceTree = "<group>"; };
		00E356EE1AD99517003FC87E /* desinfurnatorTests.xctest */ = {isa = PBXFileReference; explicitFileType = wrapper.cfbundle; includeInIndex = 0; path = desinfurnatorTests.xctest; sourceTree = BUILT_PRODUCTS_DIR; };
		00E356F11AD99517003FC87E /* Info.plist */ = {isa = PBXFileReference; lastKnownFileType = text.plist.xml; path = Info.plist; sourceTree = "<group>"; };
		00E356F21AD99517003FC87E /* desinfurnatorTests.m */ = {isa = PBXFileReference; lastKnownFileType = sourcecode.c.objc; path = desinfurnatorTests.m; sourceTree = "<group>"; };
		07E31D95DCF1CEFF51A3E856 /* Pods-desinfurnatorTests.release.xcconfig */ = {isa = PBXFileReference; includeInIndex = 1; lastKnownFileType = text.xcconfig; name = "Pods-desinfurnatorTests.release.xcconfig"; path = "Target Support Files/Pods-desinfurnatorTests/Pods-desinfurnatorTests.release.xcconfig"; sourceTree = "<group>"; };
		089DB39566447306B3B8D94F /* Pods-desinfurnator-tvOS.release.xcconfig */ = {isa = PBXFileReference; includeInIndex = 1; lastKnownFileType = text.xcconfig; name = "Pods-desinfurnator-tvOS.release.xcconfig"; path = "Target Support Files/Pods-desinfurnator-tvOS/Pods-desinfurnator-tvOS.release.xcconfig"; sourceTree = "<group>"; };
		13B07F961A680F5B00A75B9A /* desinfurnator.app */ = {isa = PBXFileReference; explicitFileType = wrapper.application; includeInIndex = 0; path = desinfurnator.app; sourceTree = BUILT_PRODUCTS_DIR; };
		13B07FAF1A68108700A75B9A /* AppDelegate.h */ = {isa = PBXFileReference; fileEncoding = 4; lastKnownFileType = sourcecode.c.h; name = AppDelegate.h; path = desinfurnator/AppDelegate.h; sourceTree = "<group>"; };
		13B07FB01A68108700A75B9A /* AppDelegate.m */ = {isa = PBXFileReference; fileEncoding = 4; lastKnownFileType = sourcecode.c.objc; name = AppDelegate.m; path = desinfurnator/AppDelegate.m; sourceTree = "<group>"; };
		13B07FB21A68108700A75B9A /* Base */ = {isa = PBXFileReference; lastKnownFileType = file.xib; name = Base; path = Base.lproj/LaunchScreen.xib; sourceTree = "<group>"; };
		13B07FB51A68108700A75B9A /* Images.xcassets */ = {isa = PBXFileReference; lastKnownFileType = folder.assetcatalog; name = Images.xcassets; path = desinfurnator/Images.xcassets; sourceTree = "<group>"; };
		13B07FB61A68108700A75B9A /* Info.plist */ = {isa = PBXFileReference; fileEncoding = 4; lastKnownFileType = text.plist.xml; name = Info.plist; path = desinfurnator/Info.plist; sourceTree = "<group>"; };
		13B07FB71A68108700A75B9A /* main.m */ = {isa = PBXFileReference; fileEncoding = 4; lastKnownFileType = sourcecode.c.objc; name = main.m; path = desinfurnator/main.m; sourceTree = "<group>"; };
		26F28B0B805B5B997989F388 /* Pods-desinfurnator.release.xcconfig */ = {isa = PBXFileReference; includeInIndex = 1; lastKnownFileType = text.xcconfig; name = "Pods-desinfurnator.release.xcconfig"; path = "Target Support Files/Pods-desinfurnator/Pods-desinfurnator.release.xcconfig"; sourceTree = "<group>"; };
		287776167AE4000D665A5368 /* libPods-desinfurnatorTests.a */ = {isa = PBXFileReference; explicitFileType = archive.ar; includeInIndex = 0; path = "libPods-desinfurnatorTests.a"; sourceTree = BUILT_PRODUCTS_DIR; };
		2D02E47B1E0B4A5D006451C7 /* desinfurnator-tvOS.app */ = {isa = PBXFileReference; explicitFileType = wrapper.application; includeInIndex = 0; path = "desinfurnator-tvOS.app"; sourceTree = BUILT_PRODUCTS_DIR; };
		2D02E4901E0B4A5D006451C7 /* desinfurnator-tvOSTests.xctest */ = {isa = PBXFileReference; explicitFileType = wrapper.cfbundle; includeInIndex = 0; path = "desinfurnator-tvOSTests.xctest"; sourceTree = BUILT_PRODUCTS_DIR; };
		53EBE11A0F1BF5B6B33EB8E1 /* Pods-desinfurnatorTests.debug.xcconfig */ = {isa = PBXFileReference; includeInIndex = 1; lastKnownFileType = text.xcconfig; name = "Pods-desinfurnatorTests.debug.xcconfig"; path = "Target Support Files/Pods-desinfurnatorTests/Pods-desinfurnatorTests.debug.xcconfig"; sourceTree = "<group>"; };
		784DD1F8D6831A07A4D6A4FF /* Pods-desinfurnator-tvOSTests.release.xcconfig */ = {isa = PBXFileReference; includeInIndex = 1; lastKnownFileType = text.xcconfig; name = "Pods-desinfurnator-tvOSTests.release.xcconfig"; path = "Target Support Files/Pods-desinfurnator-tvOSTests/Pods-desinfurnator-tvOSTests.release.xcconfig"; sourceTree = "<group>"; };
		7973E671F982E1679B29CE3F /* libPods-desinfurnator-tvOS.a */ = {isa = PBXFileReference; explicitFileType = archive.ar; includeInIndex = 0; path = "libPods-desinfurnator-tvOS.a"; sourceTree = BUILT_PRODUCTS_DIR; };
		A54181B820AA693DDC8E2DF6 /* Pods-desinfurnator-tvOSTests.debug.xcconfig */ = {isa = PBXFileReference; includeInIndex = 1; lastKnownFileType = text.xcconfig; name = "Pods-desinfurnator-tvOSTests.debug.xcconfig"; path = "Target Support Files/Pods-desinfurnator-tvOSTests/Pods-desinfurnator-tvOSTests.debug.xcconfig"; sourceTree = "<group>"; };
		B016DE916C90C1494C9ADC79 /* libPods-desinfurnator.a */ = {isa = PBXFileReference; explicitFileType = archive.ar; includeInIndex = 0; path = "libPods-desinfurnator.a"; sourceTree = BUILT_PRODUCTS_DIR; };
		D1500B2CE3F3D74C651C89F2 /* Pods-desinfurnator-tvOS.debug.xcconfig */ = {isa = PBXFileReference; includeInIndex = 1; lastKnownFileType = text.xcconfig; name = "Pods-desinfurnator-tvOS.debug.xcconfig"; path = "Target Support Files/Pods-desinfurnator-tvOS/Pods-desinfurnator-tvOS.debug.xcconfig"; sourceTree = "<group>"; };
		DBB64B51F76367D3D81324E9 /* Pods-desinfurnator.debug.xcconfig */ = {isa = PBXFileReference; includeInIndex = 1; lastKnownFileType = text.xcconfig; name = "Pods-desinfurnator.debug.xcconfig"; path = "Target Support Files/Pods-desinfurnator/Pods-desinfurnator.debug.xcconfig"; sourceTree = "<group>"; };
		ED297162215061F000B7C4FE /* JavaScriptCore.framework */ = {isa = PBXFileReference; lastKnownFileType = wrapper.framework; name = JavaScriptCore.framework; path = System/Library/Frameworks/JavaScriptCore.framework; sourceTree = SDKROOT; };
		ED2971642150620600B7C4FE /* JavaScriptCore.framework */ = {isa = PBXFileReference; lastKnownFileType = wrapper.framework; name = JavaScriptCore.framework; path = Platforms/AppleTVOS.platform/Developer/SDKs/AppleTVOS12.0.sdk/System/Library/Frameworks/JavaScriptCore.framework; sourceTree = DEVELOPER_DIR; };
		FF9DD1C5341510C3FBA307D2 /* libPods-desinfurnator-tvOSTests.a */ = {isa = PBXFileReference; explicitFileType = archive.ar; includeInIndex = 0; path = "libPods-desinfurnator-tvOSTests.a"; sourceTree = BUILT_PRODUCTS_DIR; };
		286E7E1956064C06AC0C3B4D /* FiraSans-Black.ttf */ = {isa = PBXFileReference; name = "FiraSans-Black.ttf"; path = "../src/Assets/Fonts/FiraSans-Black.ttf"; sourceTree = "<group>"; fileEncoding = undefined; lastKnownFileType = unknown; explicitFileType = undefined; includeInIndex = 0; };
		54F9C88050604477B1D2DE17 /* FiraSans-BlackItalic.ttf */ = {isa = PBXFileReference; name = "FiraSans-BlackItalic.ttf"; path = "../src/Assets/Fonts/FiraSans-BlackItalic.ttf"; sourceTree = "<group>"; fileEncoding = undefined; lastKnownFileType = unknown; explicitFileType = undefined; includeInIndex = 0; };
		40E4AE5331EA40D2A3886569 /* FiraSans-Bold.ttf */ = {isa = PBXFileReference; name = "FiraSans-Bold.ttf"; path = "../src/Assets/Fonts/FiraSans-Bold.ttf"; sourceTree = "<group>"; fileEncoding = undefined; lastKnownFileType = unknown; explicitFileType = undefined; includeInIndex = 0; };
		E10122B87CDC4784A5003A45 /* FiraSans-BoldItalic.ttf */ = {isa = PBXFileReference; name = "FiraSans-BoldItalic.ttf"; path = "../src/Assets/Fonts/FiraSans-BoldItalic.ttf"; sourceTree = "<group>"; fileEncoding = undefined; lastKnownFileType = unknown; explicitFileType = undefined; includeInIndex = 0; };
		F8E2505D5C954C31B53B5435 /* FiraSans-ExtraBold.ttf */ = {isa = PBXFileReference; name = "FiraSans-ExtraBold.ttf"; path = "../src/Assets/Fonts/FiraSans-ExtraBold.ttf"; sourceTree = "<group>"; fileEncoding = undefined; lastKnownFileType = unknown; explicitFileType = undefined; includeInIndex = 0; };
		EFAAA229953F4A6FB1EC7FDB /* FiraSans-ExtraBoldItalic.ttf */ = {isa = PBXFileReference; name = "FiraSans-ExtraBoldItalic.ttf"; path = "../src/Assets/Fonts/FiraSans-ExtraBoldItalic.ttf"; sourceTree = "<group>"; fileEncoding = undefined; lastKnownFileType = unknown; explicitFileType = undefined; includeInIndex = 0; };
		D402D9121F4A4AA5A7BFE642 /* FiraSans-ExtraLight.ttf */ = {isa = PBXFileReference; name = "FiraSans-ExtraLight.ttf"; path = "../src/Assets/Fonts/FiraSans-ExtraLight.ttf"; sourceTree = "<group>"; fileEncoding = undefined; lastKnownFileType = unknown; explicitFileType = undefined; includeInIndex = 0; };
		D9985CD794CD429C91355A75 /* FiraSans-ExtraLightItalic.ttf */ = {isa = PBXFileReference; name = "FiraSans-ExtraLightItalic.ttf"; path = "../src/Assets/Fonts/FiraSans-ExtraLightItalic.ttf"; sourceTree = "<group>"; fileEncoding = undefined; lastKnownFileType = unknown; explicitFileType = undefined; includeInIndex = 0; };
		DBC62F0F384B46909D617E94 /* FiraSans-Light.ttf */ = {isa = PBXFileReference; name = "FiraSans-Light.ttf"; path = "../src/Assets/Fonts/FiraSans-Light.ttf"; sourceTree = "<group>"; fileEncoding = undefined; lastKnownFileType = unknown; explicitFileType = undefined; includeInIndex = 0; };
		FA2AF199122E4CF397507C62 /* FiraSans-LightItalic.ttf */ = {isa = PBXFileReference; name = "FiraSans-LightItalic.ttf"; path = "../src/Assets/Fonts/FiraSans-LightItalic.ttf"; sourceTree = "<group>"; fileEncoding = undefined; lastKnownFileType = unknown; explicitFileType = undefined; includeInIndex = 0; };
		CF7AC5C7BED247D1BCE1E6DC /* FiraSans-Medium.ttf */ = {isa = PBXFileReference; name = "FiraSans-Medium.ttf"; path = "../src/Assets/Fonts/FiraSans-Medium.ttf"; sourceTree = "<group>"; fileEncoding = undefined; lastKnownFileType = unknown; explicitFileType = undefined; includeInIndex = 0; };
		371E10582824480DBF7FACF4 /* FiraSans-MediumItalic.ttf */ = {isa = PBXFileReference; name = "FiraSans-MediumItalic.ttf"; path = "../src/Assets/Fonts/FiraSans-MediumItalic.ttf"; sourceTree = "<group>"; fileEncoding = undefined; lastKnownFileType = unknown; explicitFileType = undefined; includeInIndex = 0; };
		27EB06E006154323A7D15E18 /* FiraSans-Regular.ttf */ = {isa = PBXFileReference; name = "FiraSans-Regular.ttf"; path = "../src/Assets/Fonts/FiraSans-Regular.ttf"; sourceTree = "<group>"; fileEncoding = undefined; lastKnownFileType = unknown; explicitFileType = undefined; includeInIndex = 0; };
		0AAB0E5F940348F099B4CCEE /* FiraSans-RegularItalic.ttf */ = {isa = PBXFileReference; name = "FiraSans-RegularItalic.ttf"; path = "../src/Assets/Fonts/FiraSans-RegularItalic.ttf"; sourceTree = "<group>"; fileEncoding = undefined; lastKnownFileType = unknown; explicitFileType = undefined; includeInIndex = 0; };
		D6987C13EFB34731A1C8DF50 /* FiraSans-SemiBold.ttf */ = {isa = PBXFileReference; name = "FiraSans-SemiBold.ttf"; path = "../src/Assets/Fonts/FiraSans-SemiBold.ttf"; sourceTree = "<group>"; fileEncoding = undefined; lastKnownFileType = unknown; explicitFileType = undefined; includeInIndex = 0; };
		82473079218D4509955600E8 /* FiraSans-SemiBoldItalic.ttf */ = {isa = PBXFileReference; name = "FiraSans-SemiBoldItalic.ttf"; path = "../src/Assets/Fonts/FiraSans-SemiBoldItalic.ttf"; sourceTree = "<group>"; fileEncoding = undefined; lastKnownFileType = unknown; explicitFileType = undefined; includeInIndex = 0; };
		969ABB5C48AD4B748DCB078D /* FiraSans-Thin.ttf */ = {isa = PBXFileReference; name = "FiraSans-Thin.ttf"; path = "../src/Assets/Fonts/FiraSans-Thin.ttf"; sourceTree = "<group>"; fileEncoding = undefined; lastKnownFileType = unknown; explicitFileType = undefined; includeInIndex = 0; };
		8121B7089D1C4157813472DE /* FiraSans-ThinItalic.ttf */ = {isa = PBXFileReference; name = "FiraSans-ThinItalic.ttf"; path = "../src/Assets/Fonts/FiraSans-ThinItalic.ttf"; sourceTree = "<group>"; fileEncoding = undefined; lastKnownFileType = unknown; explicitFileType = undefined; includeInIndex = 0; };
		4F92FC970D324BE5BF76B688 /* Quicksand-Bold.ttf */ = {isa = PBXFileReference; name = "Quicksand-Bold.ttf"; path = "../src/Assets/Fonts/Quicksand-Bold.ttf"; sourceTree = "<group>"; fileEncoding = undefined; lastKnownFileType = unknown; explicitFileType = undefined; includeInIndex = 0; };
		6C29487C7C90474AAF4D9A59 /* Quicksand-Light.ttf */ = {isa = PBXFileReference; name = "Quicksand-Light.ttf"; path = "../src/Assets/Fonts/Quicksand-Light.ttf"; sourceTree = "<group>"; fileEncoding = undefined; lastKnownFileType = unknown; explicitFileType = undefined; includeInIndex = 0; };
		0E1FA96617194EEE9B84FFEC /* Quicksand-Medium.ttf */ = {isa = PBXFileReference; name = "Quicksand-Medium.ttf"; path = "../src/Assets/Fonts/Quicksand-Medium.ttf"; sourceTree = "<group>"; fileEncoding = undefined; lastKnownFileType = unknown; explicitFileType = undefined; includeInIndex = 0; };
		0BE6DB233F9646DC82A0F8D0 /* Quicksand-Regular.ttf */ = {isa = PBXFileReference; name = "Quicksand-Regular.ttf"; path = "../src/Assets/Fonts/Quicksand-Regular.ttf"; sourceTree = "<group>"; fileEncoding = undefined; lastKnownFileType = unknown; explicitFileType = undefined; includeInIndex = 0; };
		31BA4BC8DDB1463DABE11B83 /* Quicksand-SemiBold.ttf */ = {isa = PBXFileReference; name = "Quicksand-SemiBold.ttf"; path = "../src/Assets/Fonts/Quicksand-SemiBold.ttf"; sourceTree = "<group>"; fileEncoding = undefined; lastKnownFileType = unknown; explicitFileType = undefined; includeInIndex = 0; };
/* End PBXFileReference section */

/* Begin PBXFrameworksBuildPhase section */
		00E356EB1AD99517003FC87E /* Frameworks */ = {
			isa = PBXFrameworksBuildPhase;
			buildActionMask = 2147483647;
			files = (
				30F7C7B820710CD834394FE4 /* libPods-desinfurnatorTests.a in Frameworks */,
			);
			runOnlyForDeploymentPostprocessing = 0;
		};
		13B07F8C1A680F5B00A75B9A /* Frameworks */ = {
			isa = PBXFrameworksBuildPhase;
			buildActionMask = 2147483647;
			files = (
				7DBD053409C07E15C80944E6 /* libPods-desinfurnator.a in Frameworks */,
			);
			runOnlyForDeploymentPostprocessing = 0;
		};
		2D02E4781E0B4A5D006451C7 /* Frameworks */ = {
			isa = PBXFrameworksBuildPhase;
			buildActionMask = 2147483647;
			files = (
				EC69920BD490C218F07B833E /* libPods-desinfurnator-tvOS.a in Frameworks */,
			);
			runOnlyForDeploymentPostprocessing = 0;
		};
		2D02E48D1E0B4A5D006451C7 /* Frameworks */ = {
			isa = PBXFrameworksBuildPhase;
			buildActionMask = 2147483647;
			files = (
				4CA97A8BC2D2CBBF50BEF047 /* libPods-desinfurnator-tvOSTests.a in Frameworks */,
			);
			runOnlyForDeploymentPostprocessing = 0;
		};
/* End PBXFrameworksBuildPhase section */

/* Begin PBXGroup section */
		00E356EF1AD99517003FC87E /* desinfurnatorTests */ = {
			isa = PBXGroup;
			children = (
				00E356F21AD99517003FC87E /* desinfurnatorTests.m */,
				00E356F01AD99517003FC87E /* Supporting Files */,
			);
			path = desinfurnatorTests;
			sourceTree = "<group>";
		};
		00E356F01AD99517003FC87E /* Supporting Files */ = {
			isa = PBXGroup;
			children = (
				00E356F11AD99517003FC87E /* Info.plist */,
			);
			name = "Supporting Files";
			sourceTree = "<group>";
		};
		13B07FAE1A68108700A75B9A /* desinfurnator */ = {
			isa = PBXGroup;
			children = (
				008F07F21AC5B25A0029DE68 /* main.jsbundle */,
				13B07FAF1A68108700A75B9A /* AppDelegate.h */,
				13B07FB01A68108700A75B9A /* AppDelegate.m */,
				13B07FB51A68108700A75B9A /* Images.xcassets */,
				13B07FB61A68108700A75B9A /* Info.plist */,
				13B07FB11A68108700A75B9A /* LaunchScreen.xib */,
				13B07FB71A68108700A75B9A /* main.m */,
			);
			name = desinfurnator;
			sourceTree = "<group>";
		};
		2D16E6871FA4F8E400B85C8A /* Frameworks */ = {
			isa = PBXGroup;
			children = (
				ED297162215061F000B7C4FE /* JavaScriptCore.framework */,
				ED2971642150620600B7C4FE /* JavaScriptCore.framework */,
				B016DE916C90C1494C9ADC79 /* libPods-desinfurnator.a */,
				7973E671F982E1679B29CE3F /* libPods-desinfurnator-tvOS.a */,
				FF9DD1C5341510C3FBA307D2 /* libPods-desinfurnator-tvOSTests.a */,
				287776167AE4000D665A5368 /* libPods-desinfurnatorTests.a */,
			);
			name = Frameworks;
			sourceTree = "<group>";
		};
		832341AE1AAA6A7D00B99B32 /* Libraries */ = {
			isa = PBXGroup;
			children = (
			);
			name = Libraries;
			sourceTree = "<group>";
		};
		83CBB9F61A601CBA00E9B192 = {
			isa = PBXGroup;
			children = (
				13B07FAE1A68108700A75B9A /* desinfurnator */,
				832341AE1AAA6A7D00B99B32 /* Libraries */,
				00E356EF1AD99517003FC87E /* desinfurnatorTests */,
				83CBBA001A601CBA00E9B192 /* Products */,
				2D16E6871FA4F8E400B85C8A /* Frameworks */,
				F76D573F563F51305CB848BC /* Pods */,
				0A37FA7B0C7D4EB286C3F71F /* Resources */,
			);
			indentWidth = 2;
			sourceTree = "<group>";
			tabWidth = 2;
			usesTabs = 0;
		};
		83CBBA001A601CBA00E9B192 /* Products */ = {
			isa = PBXGroup;
			children = (
				13B07F961A680F5B00A75B9A /* desinfurnator.app */,
				00E356EE1AD99517003FC87E /* desinfurnatorTests.xctest */,
				2D02E47B1E0B4A5D006451C7 /* desinfurnator-tvOS.app */,
				2D02E4901E0B4A5D006451C7 /* desinfurnator-tvOSTests.xctest */,
			);
			name = Products;
			sourceTree = "<group>";
		};
		F76D573F563F51305CB848BC /* Pods */ = {
			isa = PBXGroup;
			children = (
				DBB64B51F76367D3D81324E9 /* Pods-desinfurnator.debug.xcconfig */,
				26F28B0B805B5B997989F388 /* Pods-desinfurnator.release.xcconfig */,
				D1500B2CE3F3D74C651C89F2 /* Pods-desinfurnator-tvOS.debug.xcconfig */,
				089DB39566447306B3B8D94F /* Pods-desinfurnator-tvOS.release.xcconfig */,
				A54181B820AA693DDC8E2DF6 /* Pods-desinfurnator-tvOSTests.debug.xcconfig */,
				784DD1F8D6831A07A4D6A4FF /* Pods-desinfurnator-tvOSTests.release.xcconfig */,
				53EBE11A0F1BF5B6B33EB8E1 /* Pods-desinfurnatorTests.debug.xcconfig */,
				07E31D95DCF1CEFF51A3E856 /* Pods-desinfurnatorTests.release.xcconfig */,
			);
			name = Pods;
			path = Pods;
			sourceTree = "<group>";
		};
		0A37FA7B0C7D4EB286C3F71F /* Resources */ = {
			isa = "PBXGroup";
			children = (
				286E7E1956064C06AC0C3B4D /* FiraSans-Black.ttf */,
				54F9C88050604477B1D2DE17 /* FiraSans-BlackItalic.ttf */,
				40E4AE5331EA40D2A3886569 /* FiraSans-Bold.ttf */,
				E10122B87CDC4784A5003A45 /* FiraSans-BoldItalic.ttf */,
				F8E2505D5C954C31B53B5435 /* FiraSans-ExtraBold.ttf */,
				EFAAA229953F4A6FB1EC7FDB /* FiraSans-ExtraBoldItalic.ttf */,
				D402D9121F4A4AA5A7BFE642 /* FiraSans-ExtraLight.ttf */,
				D9985CD794CD429C91355A75 /* FiraSans-ExtraLightItalic.ttf */,
				DBC62F0F384B46909D617E94 /* FiraSans-Light.ttf */,
				FA2AF199122E4CF397507C62 /* FiraSans-LightItalic.ttf */,
				CF7AC5C7BED247D1BCE1E6DC /* FiraSans-Medium.ttf */,
				371E10582824480DBF7FACF4 /* FiraSans-MediumItalic.ttf */,
				27EB06E006154323A7D15E18 /* FiraSans-Regular.ttf */,
				0AAB0E5F940348F099B4CCEE /* FiraSans-RegularItalic.ttf */,
				D6987C13EFB34731A1C8DF50 /* FiraSans-SemiBold.ttf */,
				82473079218D4509955600E8 /* FiraSans-SemiBoldItalic.ttf */,
				969ABB5C48AD4B748DCB078D /* FiraSans-Thin.ttf */,
				8121B7089D1C4157813472DE /* FiraSans-ThinItalic.ttf */,
				4F92FC970D324BE5BF76B688 /* Quicksand-Bold.ttf */,
				6C29487C7C90474AAF4D9A59 /* Quicksand-Light.ttf */,
				0E1FA96617194EEE9B84FFEC /* Quicksand-Medium.ttf */,
				0BE6DB233F9646DC82A0F8D0 /* Quicksand-Regular.ttf */,
				31BA4BC8DDB1463DABE11B83 /* Quicksand-SemiBold.ttf */,
			);
			name = Resources;
			sourceTree = "<group>";
			path = "";
		};
/* End PBXGroup section */

/* Begin PBXNativeTarget section */
		00E356ED1AD99517003FC87E /* desinfurnatorTests */ = {
			isa = PBXNativeTarget;
			buildConfigurationList = 00E357021AD99517003FC87E /* Build configuration list for PBXNativeTarget "desinfurnatorTests" */;
			buildPhases = (
				132438ED2DA73547013E97F6 /* [CP] Check Pods Manifest.lock */,
				00E356EA1AD99517003FC87E /* Sources */,
				00E356EB1AD99517003FC87E /* Frameworks */,
				00E356EC1AD99517003FC87E /* Resources */,
			);
			buildRules = (
			);
			dependencies = (
				00E356F51AD99517003FC87E /* PBXTargetDependency */,
			);
			name = desinfurnatorTests;
			productName = desinfurnatorTests;
			productReference = 00E356EE1AD99517003FC87E /* desinfurnatorTests.xctest */;
			productType = "com.apple.product-type.bundle.unit-test";
		};
		13B07F861A680F5B00A75B9A /* desinfurnator */ = {
			isa = PBXNativeTarget;
			buildConfigurationList = 13B07F931A680F5B00A75B9A /* Build configuration list for PBXNativeTarget "desinfurnator" */;
			buildPhases = (
				44FF7A9898A75BEA280F6D27 /* [CP] Check Pods Manifest.lock */,
				FD10A7F022414F080027D42C /* Start Packager */,
				13B07F871A680F5B00A75B9A /* Sources */,
				13B07F8C1A680F5B00A75B9A /* Frameworks */,
				13B07F8E1A680F5B00A75B9A /* Resources */,
				00DD1BFF1BD5951E006B06BC /* Bundle React Native code and images */,
			);
			buildRules = (
			);
			dependencies = (
			);
			name = desinfurnator;
			productName = desinfurnator;
			productReference = 13B07F961A680F5B00A75B9A /* desinfurnator.app */;
			productType = "com.apple.product-type.application";
		};
		2D02E47A1E0B4A5D006451C7 /* desinfurnator-tvOS */ = {
			isa = PBXNativeTarget;
			buildConfigurationList = 2D02E4BA1E0B4A5E006451C7 /* Build configuration list for PBXNativeTarget "desinfurnator-tvOS" */;
			buildPhases = (
				04AD937E285EA5D227706D2E /* [CP] Check Pods Manifest.lock */,
				FD10A7F122414F3F0027D42C /* Start Packager */,
				2D02E4771E0B4A5D006451C7 /* Sources */,
				2D02E4781E0B4A5D006451C7 /* Frameworks */,
				2D02E4791E0B4A5D006451C7 /* Resources */,
				2D02E4CB1E0B4B27006451C7 /* Bundle React Native Code And Images */,
			);
			buildRules = (
			);
			dependencies = (
			);
			name = "desinfurnator-tvOS";
			productName = "desinfurnator-tvOS";
			productReference = 2D02E47B1E0B4A5D006451C7 /* desinfurnator-tvOS.app */;
			productType = "com.apple.product-type.application";
		};
		2D02E48F1E0B4A5D006451C7 /* desinfurnator-tvOSTests */ = {
			isa = PBXNativeTarget;
			buildConfigurationList = 2D02E4BB1E0B4A5E006451C7 /* Build configuration list for PBXNativeTarget "desinfurnator-tvOSTests" */;
			buildPhases = (
				6AEE3A11C566C2FDF33E8B92 /* [CP] Check Pods Manifest.lock */,
				2D02E48C1E0B4A5D006451C7 /* Sources */,
				2D02E48D1E0B4A5D006451C7 /* Frameworks */,
				2D02E48E1E0B4A5D006451C7 /* Resources */,
			);
			buildRules = (
			);
			dependencies = (
				2D02E4921E0B4A5D006451C7 /* PBXTargetDependency */,
			);
			name = "desinfurnator-tvOSTests";
			productName = "desinfurnator-tvOSTests";
			productReference = 2D02E4901E0B4A5D006451C7 /* desinfurnator-tvOSTests.xctest */;
			productType = "com.apple.product-type.bundle.unit-test";
		};
/* End PBXNativeTarget section */

/* Begin PBXProject section */
		83CBB9F71A601CBA00E9B192 /* Project object */ = {
			isa = PBXProject;
			attributes = {
				LastUpgradeCheck = 940;
				ORGANIZATIONNAME = Facebook;
				TargetAttributes = {
					00E356ED1AD99517003FC87E = {
						CreatedOnToolsVersion = 6.2;
						TestTargetID = 13B07F861A680F5B00A75B9A;
					};
					2D02E47A1E0B4A5D006451C7 = {
						CreatedOnToolsVersion = 8.2.1;
						ProvisioningStyle = Automatic;
					};
					2D02E48F1E0B4A5D006451C7 = {
						CreatedOnToolsVersion = 8.2.1;
						ProvisioningStyle = Automatic;
						TestTargetID = 2D02E47A1E0B4A5D006451C7;
					};
				};
			};
			buildConfigurationList = 83CBB9FA1A601CBA00E9B192 /* Build configuration list for PBXProject "desinfurnator" */;
			compatibilityVersion = "Xcode 3.2";
			developmentRegion = English;
			hasScannedForEncodings = 0;
			knownRegions = (
				en,
				Base,
			);
			mainGroup = 83CBB9F61A601CBA00E9B192;
			productRefGroup = 83CBBA001A601CBA00E9B192 /* Products */;
			projectDirPath = "";
			projectRoot = "";
			targets = (
				13B07F861A680F5B00A75B9A /* desinfurnator */,
				00E356ED1AD99517003FC87E /* desinfurnatorTests */,
				2D02E47A1E0B4A5D006451C7 /* desinfurnator-tvOS */,
				2D02E48F1E0B4A5D006451C7 /* desinfurnator-tvOSTests */,
			);
		};
/* End PBXProject section */

/* Begin PBXResourcesBuildPhase section */
		00E356EC1AD99517003FC87E /* Resources */ = {
			isa = PBXResourcesBuildPhase;
			buildActionMask = 2147483647;
			files = (
			);
			runOnlyForDeploymentPostprocessing = 0;
		};
		13B07F8E1A680F5B00A75B9A /* Resources */ = {
			isa = PBXResourcesBuildPhase;
			buildActionMask = 2147483647;
			files = (
				13B07FBF1A68108700A75B9A /* Images.xcassets in Resources */,
				13B07FBD1A68108700A75B9A /* LaunchScreen.xib in Resources */,
				384ED920189A4775A15AFEB6 /* FiraSans-Black.ttf in Resources */,
				71904F4BD343411A954326FA /* FiraSans-BlackItalic.ttf in Resources */,
				DC0A1B6AE2744431A1073FBC /* FiraSans-Bold.ttf in Resources */,
				1B99A68CCDA44118803A70F8 /* FiraSans-BoldItalic.ttf in Resources */,
				30F7D0DC1A4A45ECB142CA49 /* FiraSans-ExtraBold.ttf in Resources */,
				9D330443157C4217BE6AE031 /* FiraSans-ExtraBoldItalic.ttf in Resources */,
				70B3E3B66FBA41638E4885E3 /* FiraSans-ExtraLight.ttf in Resources */,
				F56C7B9B60214103B32FDDD2 /* FiraSans-ExtraLightItalic.ttf in Resources */,
				FA0717D39F744F74B3BE20E5 /* FiraSans-Light.ttf in Resources */,
				6888BEA6C6954B7D9907B47B /* FiraSans-LightItalic.ttf in Resources */,
				EABD7AE726634E66A81D6892 /* FiraSans-Medium.ttf in Resources */,
				0798CC6EF427487ABD8F68AF /* FiraSans-MediumItalic.ttf in Resources */,
				B2718C7FB5C940D88C97FD8C /* FiraSans-Regular.ttf in Resources */,
				E82CE5F8987B49E38B26CC8E /* FiraSans-RegularItalic.ttf in Resources */,
				1A5847E83BF5491AA2D32C6C /* FiraSans-SemiBold.ttf in Resources */,
				1C4656C17A0D434B9D5E0C7D /* FiraSans-SemiBoldItalic.ttf in Resources */,
				D2BE07A5553E426CA86D545A /* FiraSans-Thin.ttf in Resources */,
				ADC3B1ABF7B54935A040C02F /* FiraSans-ThinItalic.ttf in Resources */,
				F6C19E3EA5BB4705B59D08A9 /* Quicksand-Bold.ttf in Resources */,
				FD93C61EF8DF4981B844FF3C /* Quicksand-Light.ttf in Resources */,
				ADB647F527B24D29B95FF522 /* Quicksand-Medium.ttf in Resources */,
				150AB580303B4485AD55AC52 /* Quicksand-Regular.ttf in Resources */,
				FE1EE887490B41C69632CC89 /* Quicksand-SemiBold.ttf in Resources */,
			);
			runOnlyForDeploymentPostprocessing = 0;
		};
		2D02E4791E0B4A5D006451C7 /* Resources */ = {
			isa = PBXResourcesBuildPhase;
			buildActionMask = 2147483647;
			files = (
				2D02E4BD1E0B4A84006451C7 /* Images.xcassets in Resources */,
			);
			runOnlyForDeploymentPostprocessing = 0;
		};
		2D02E48E1E0B4A5D006451C7 /* Resources */ = {
			isa = PBXResourcesBuildPhase;
			buildActionMask = 2147483647;
			files = (
			);
			runOnlyForDeploymentPostprocessing = 0;
		};
/* End PBXResourcesBuildPhase section */

/* Begin PBXShellScriptBuildPhase section */
		00DD1BFF1BD5951E006B06BC /* Bundle React Native code and images */ = {
			isa = PBXShellScriptBuildPhase;
			buildActionMask = 2147483647;
			files = (
			);
			inputPaths = (
			);
			name = "Bundle React Native code and images";
			outputPaths = (
			);
			runOnlyForDeploymentPostprocessing = 0;
			shellPath = /bin/sh;
			shellScript = "export NODE_BINARY=node\n../node_modules/react-native/scripts/react-native-xcode.sh";
		};
		04AD937E285EA5D227706D2E /* [CP] Check Pods Manifest.lock */ = {
			isa = PBXShellScriptBuildPhase;
			buildActionMask = 2147483647;
			files = (
			);
			inputFileListPaths = (
			);
			inputPaths = (
				"${PODS_PODFILE_DIR_PATH}/Podfile.lock",
				"${PODS_ROOT}/Manifest.lock",
			);
			name = "[CP] Check Pods Manifest.lock";
			outputFileListPaths = (
			);
			outputPaths = (
				"$(DERIVED_FILE_DIR)/Pods-desinfurnator-tvOS-checkManifestLockResult.txt",
			);
			runOnlyForDeploymentPostprocessing = 0;
			shellPath = /bin/sh;
			shellScript = "diff \"${PODS_PODFILE_DIR_PATH}/Podfile.lock\" \"${PODS_ROOT}/Manifest.lock\" > /dev/null\nif [ $? != 0 ] ; then\n    # print error to STDERR\n    echo \"error: The sandbox is not in sync with the Podfile.lock. Run 'pod install' or update your CocoaPods installation.\" >&2\n    exit 1\nfi\n# This output is used by Xcode 'outputs' to avoid re-running this script phase.\necho \"SUCCESS\" > \"${SCRIPT_OUTPUT_FILE_0}\"\n";
			showEnvVarsInLog = 0;
		};
		132438ED2DA73547013E97F6 /* [CP] Check Pods Manifest.lock */ = {
			isa = PBXShellScriptBuildPhase;
			buildActionMask = 2147483647;
			files = (
			);
			inputFileListPaths = (
			);
			inputPaths = (
				"${PODS_PODFILE_DIR_PATH}/Podfile.lock",
				"${PODS_ROOT}/Manifest.lock",
			);
			name = "[CP] Check Pods Manifest.lock";
			outputFileListPaths = (
			);
			outputPaths = (
				"$(DERIVED_FILE_DIR)/Pods-desinfurnatorTests-checkManifestLockResult.txt",
			);
			runOnlyForDeploymentPostprocessing = 0;
			shellPath = /bin/sh;
			shellScript = "diff \"${PODS_PODFILE_DIR_PATH}/Podfile.lock\" \"${PODS_ROOT}/Manifest.lock\" > /dev/null\nif [ $? != 0 ] ; then\n    # print error to STDERR\n    echo \"error: The sandbox is not in sync with the Podfile.lock. Run 'pod install' or update your CocoaPods installation.\" >&2\n    exit 1\nfi\n# This output is used by Xcode 'outputs' to avoid re-running this script phase.\necho \"SUCCESS\" > \"${SCRIPT_OUTPUT_FILE_0}\"\n";
			showEnvVarsInLog = 0;
		};
		2D02E4CB1E0B4B27006451C7 /* Bundle React Native Code And Images */ = {
			isa = PBXShellScriptBuildPhase;
			buildActionMask = 2147483647;
			files = (
			);
			inputPaths = (
			);
			name = "Bundle React Native Code And Images";
			outputPaths = (
			);
			runOnlyForDeploymentPostprocessing = 0;
			shellPath = /bin/sh;
			shellScript = "export NODE_BINARY=node\n../node_modules/react-native/scripts/react-native-xcode.sh";
		};
		44FF7A9898A75BEA280F6D27 /* [CP] Check Pods Manifest.lock */ = {
			isa = PBXShellScriptBuildPhase;
			buildActionMask = 2147483647;
			files = (
			);
			inputFileListPaths = (
			);
			inputPaths = (
				"${PODS_PODFILE_DIR_PATH}/Podfile.lock",
				"${PODS_ROOT}/Manifest.lock",
			);
			name = "[CP] Check Pods Manifest.lock";
			outputFileListPaths = (
			);
			outputPaths = (
				"$(DERIVED_FILE_DIR)/Pods-desinfurnator-checkManifestLockResult.txt",
			);
			runOnlyForDeploymentPostprocessing = 0;
			shellPath = /bin/sh;
			shellScript = "diff \"${PODS_PODFILE_DIR_PATH}/Podfile.lock\" \"${PODS_ROOT}/Manifest.lock\" > /dev/null\nif [ $? != 0 ] ; then\n    # print error to STDERR\n    echo \"error: The sandbox is not in sync with the Podfile.lock. Run 'pod install' or update your CocoaPods installation.\" >&2\n    exit 1\nfi\n# This output is used by Xcode 'outputs' to avoid re-running this script phase.\necho \"SUCCESS\" > \"${SCRIPT_OUTPUT_FILE_0}\"\n";
			showEnvVarsInLog = 0;
		};
		6AEE3A11C566C2FDF33E8B92 /* [CP] Check Pods Manifest.lock */ = {
			isa = PBXShellScriptBuildPhase;
			buildActionMask = 2147483647;
			files = (
			);
			inputFileListPaths = (
			);
			inputPaths = (
				"${PODS_PODFILE_DIR_PATH}/Podfile.lock",
				"${PODS_ROOT}/Manifest.lock",
			);
			name = "[CP] Check Pods Manifest.lock";
			outputFileListPaths = (
			);
			outputPaths = (
				"$(DERIVED_FILE_DIR)/Pods-desinfurnator-tvOSTests-checkManifestLockResult.txt",
			);
			runOnlyForDeploymentPostprocessing = 0;
			shellPath = /bin/sh;
			shellScript = "diff \"${PODS_PODFILE_DIR_PATH}/Podfile.lock\" \"${PODS_ROOT}/Manifest.lock\" > /dev/null\nif [ $? != 0 ] ; then\n    # print error to STDERR\n    echo \"error: The sandbox is not in sync with the Podfile.lock. Run 'pod install' or update your CocoaPods installation.\" >&2\n    exit 1\nfi\n# This output is used by Xcode 'outputs' to avoid re-running this script phase.\necho \"SUCCESS\" > \"${SCRIPT_OUTPUT_FILE_0}\"\n";
			showEnvVarsInLog = 0;
		};
		FD10A7F022414F080027D42C /* Start Packager */ = {
			isa = PBXShellScriptBuildPhase;
			buildActionMask = 2147483647;
			files = (
			);
			inputFileListPaths = (
			);
			inputPaths = (
			);
			name = "Start Packager";
			outputFileListPaths = (
			);
			outputPaths = (
			);
			runOnlyForDeploymentPostprocessing = 0;
			shellPath = /bin/sh;
			shellScript = "export RCT_METRO_PORT=\"${RCT_METRO_PORT:=8081}\"\necho \"export RCT_METRO_PORT=${RCT_METRO_PORT}\" > \"${SRCROOT}/../node_modules/react-native/scripts/.packager.env\"\nif [ -z \"${RCT_NO_LAUNCH_PACKAGER+xxx}\" ] ; then\n  if nc -w 5 -z localhost ${RCT_METRO_PORT} ; then\n    if ! curl -s \"http://localhost:${RCT_METRO_PORT}/status\" | grep -q \"packager-status:running\" ; then\n      echo \"Port ${RCT_METRO_PORT} already in use, packager is either not running or not running correctly\"\n      exit 2\n    fi\n  else\n    open \"$SRCROOT/../node_modules/react-native/scripts/launchPackager.command\" || echo \"Can't start packager automatically\"\n  fi\nfi\n";
			showEnvVarsInLog = 0;
		};
		FD10A7F122414F3F0027D42C /* Start Packager */ = {
			isa = PBXShellScriptBuildPhase;
			buildActionMask = 2147483647;
			files = (
			);
			inputFileListPaths = (
			);
			inputPaths = (
			);
			name = "Start Packager";
			outputFileListPaths = (
			);
			outputPaths = (
			);
			runOnlyForDeploymentPostprocessing = 0;
			shellPath = /bin/sh;
			shellScript = "export RCT_METRO_PORT=\"${RCT_METRO_PORT:=8081}\"\necho \"export RCT_METRO_PORT=${RCT_METRO_PORT}\" > \"${SRCROOT}/../node_modules/react-native/scripts/.packager.env\"\nif [ -z \"${RCT_NO_LAUNCH_PACKAGER+xxx}\" ] ; then\n  if nc -w 5 -z localhost ${RCT_METRO_PORT} ; then\n    if ! curl -s \"http://localhost:${RCT_METRO_PORT}/status\" | grep -q \"packager-status:running\" ; then\n      echo \"Port ${RCT_METRO_PORT} already in use, packager is either not running or not running correctly\"\n      exit 2\n    fi\n  else\n    open \"$SRCROOT/../node_modules/react-native/scripts/launchPackager.command\" || echo \"Can't start packager automatically\"\n  fi\nfi\n";
			showEnvVarsInLog = 0;
		};
/* End PBXShellScriptBuildPhase section */

/* Begin PBXSourcesBuildPhase section */
		00E356EA1AD99517003FC87E /* Sources */ = {
			isa = PBXSourcesBuildPhase;
			buildActionMask = 2147483647;
			files = (
				00E356F31AD99517003FC87E /* desinfurnatorTests.m in Sources */,
			);
			runOnlyForDeploymentPostprocessing = 0;
		};
		13B07F871A680F5B00A75B9A /* Sources */ = {
			isa = PBXSourcesBuildPhase;
			buildActionMask = 2147483647;
			files = (
				13B07FBC1A68108700A75B9A /* AppDelegate.m in Sources */,
				13B07FC11A68108700A75B9A /* main.m in Sources */,
			);
			runOnlyForDeploymentPostprocessing = 0;
		};
		2D02E4771E0B4A5D006451C7 /* Sources */ = {
			isa = PBXSourcesBuildPhase;
			buildActionMask = 2147483647;
			files = (
				2D02E4BF1E0B4AB3006451C7 /* main.m in Sources */,
				2D02E4BC1E0B4A80006451C7 /* AppDelegate.m in Sources */,
			);
			runOnlyForDeploymentPostprocessing = 0;
		};
		2D02E48C1E0B4A5D006451C7 /* Sources */ = {
			isa = PBXSourcesBuildPhase;
			buildActionMask = 2147483647;
			files = (
				2DCD954D1E0B4F2C00145EB5 /* desinfurnatorTests.m in Sources */,
			);
			runOnlyForDeploymentPostprocessing = 0;
		};
/* End PBXSourcesBuildPhase section */

/* Begin PBXTargetDependency section */
		00E356F51AD99517003FC87E /* PBXTargetDependency */ = {
			isa = PBXTargetDependency;
			target = 13B07F861A680F5B00A75B9A /* desinfurnator */;
			targetProxy = 00E356F41AD99517003FC87E /* PBXContainerItemProxy */;
		};
		2D02E4921E0B4A5D006451C7 /* PBXTargetDependency */ = {
			isa = PBXTargetDependency;
			target = 2D02E47A1E0B4A5D006451C7 /* desinfurnator-tvOS */;
			targetProxy = 2D02E4911E0B4A5D006451C7 /* PBXContainerItemProxy */;
		};
/* End PBXTargetDependency section */

/* Begin PBXVariantGroup section */
		13B07FB11A68108700A75B9A /* LaunchScreen.xib */ = {
			isa = PBXVariantGroup;
			children = (
				13B07FB21A68108700A75B9A /* Base */,
			);
			name = LaunchScreen.xib;
			path = desinfurnator;
			sourceTree = "<group>";
		};
/* End PBXVariantGroup section */

/* Begin XCBuildConfiguration section */
		00E356F61AD99517003FC87E /* Debug */ = {
			isa = XCBuildConfiguration;
			baseConfigurationReference = 53EBE11A0F1BF5B6B33EB8E1 /* Pods-desinfurnatorTests.debug.xcconfig */;
			buildSettings = {
				BUNDLE_LOADER = "$(TEST_HOST)";
				GCC_PREPROCESSOR_DEFINITIONS = (
					"DEBUG=1",
					"$(inherited)",
				);
				INFOPLIST_FILE = desinfurnatorTests/Info.plist;
				IPHONEOS_DEPLOYMENT_TARGET = 9.0;
				LD_RUNPATH_SEARCH_PATHS = "$(inherited) @executable_path/Frameworks @loader_path/Frameworks";
				OTHER_LDFLAGS = (
					"-ObjC",
					"-lc++",
					"$(inherited)",
				);
				PRODUCT_BUNDLE_IDENTIFIER = "org.reactjs.native.example.$(PRODUCT_NAME:rfc1034identifier)";
				PRODUCT_NAME = "$(TARGET_NAME)";
				TEST_HOST = "$(BUILT_PRODUCTS_DIR)/desinfurnator.app/desinfurnator";
			};
			name = Debug;
		};
		00E356F71AD99517003FC87E /* Release */ = {
			isa = XCBuildConfiguration;
			baseConfigurationReference = 07E31D95DCF1CEFF51A3E856 /* Pods-desinfurnatorTests.release.xcconfig */;
			buildSettings = {
				BUNDLE_LOADER = "$(TEST_HOST)";
				COPY_PHASE_STRIP = NO;
				INFOPLIST_FILE = desinfurnatorTests/Info.plist;
				IPHONEOS_DEPLOYMENT_TARGET = 9.0;
				LD_RUNPATH_SEARCH_PATHS = "$(inherited) @executable_path/Frameworks @loader_path/Frameworks";
				OTHER_LDFLAGS = (
					"-ObjC",
					"-lc++",
					"$(inherited)",
				);
				PRODUCT_BUNDLE_IDENTIFIER = "org.reactjs.native.example.$(PRODUCT_NAME:rfc1034identifier)";
				PRODUCT_NAME = "$(TARGET_NAME)";
				TEST_HOST = "$(BUILT_PRODUCTS_DIR)/desinfurnator.app/desinfurnator";
			};
			name = Release;
		};
		13B07F941A680F5B00A75B9A /* Debug */ = {
			isa = XCBuildConfiguration;
			baseConfigurationReference = DBB64B51F76367D3D81324E9 /* Pods-desinfurnator.debug.xcconfig */;
			buildSettings = {
				ASSETCATALOG_COMPILER_APPICON_NAME = AppIcon;
				CURRENT_PROJECT_VERSION = 1;
				DEAD_CODE_STRIPPING = NO;
				INFOPLIST_FILE = desinfurnator/Info.plist;
				LD_RUNPATH_SEARCH_PATHS = "$(inherited) @executable_path/Frameworks";
				OTHER_LDFLAGS = (
					"$(inherited)",
					"-ObjC",
					"-lc++",
				);
				PRODUCT_BUNDLE_IDENTIFIER = "org.reactjs.native.example.$(PRODUCT_NAME:rfc1034identifier)";
				PRODUCT_NAME = desinfurnator;
				VERSIONING_SYSTEM = "apple-generic";
			};
			name = Debug;
		};
		13B07F951A680F5B00A75B9A /* Release */ = {
			isa = XCBuildConfiguration;
			baseConfigurationReference = 26F28B0B805B5B997989F388 /* Pods-desinfurnator.release.xcconfig */;
			buildSettings = {
				ASSETCATALOG_COMPILER_APPICON_NAME = AppIcon;
				CURRENT_PROJECT_VERSION = 1;
				INFOPLIST_FILE = desinfurnator/Info.plist;
				LD_RUNPATH_SEARCH_PATHS = "$(inherited) @executable_path/Frameworks";
				OTHER_LDFLAGS = (
					"$(inherited)",
					"-ObjC",
					"-lc++",
				);
				PRODUCT_BUNDLE_IDENTIFIER = "org.reactjs.native.example.$(PRODUCT_NAME:rfc1034identifier)";
				PRODUCT_NAME = desinfurnator;
				VERSIONING_SYSTEM = "apple-generic";
			};
			name = Release;
		};
		2D02E4971E0B4A5E006451C7 /* Debug */ = {
			isa = XCBuildConfiguration;
			baseConfigurationReference = D1500B2CE3F3D74C651C89F2 /* Pods-desinfurnator-tvOS.debug.xcconfig */;
			buildSettings = {
				ASSETCATALOG_COMPILER_APPICON_NAME = "App Icon & Top Shelf Image";
				ASSETCATALOG_COMPILER_LAUNCHIMAGE_NAME = LaunchImage;
				CLANG_ANALYZER_NONNULL = YES;
				CLANG_WARN_DOCUMENTATION_COMMENTS = YES;
				CLANG_WARN_INFINITE_RECURSION = YES;
				CLANG_WARN_SUSPICIOUS_MOVE = YES;
				DEBUG_INFORMATION_FORMAT = dwarf;
				ENABLE_TESTABILITY = YES;
				GCC_NO_COMMON_BLOCKS = YES;
				INFOPLIST_FILE = "desinfurnator-tvOS/Info.plist";
				LD_RUNPATH_SEARCH_PATHS = "$(inherited) @executable_path/Frameworks";
				OTHER_LDFLAGS = (
					"$(inherited)",
					"-ObjC",
					"-lc++",
				);
				PRODUCT_BUNDLE_IDENTIFIER = "com.facebook.REACT.desinfurnator-tvOS";
				PRODUCT_NAME = "$(TARGET_NAME)";
				SDKROOT = appletvos;
				TARGETED_DEVICE_FAMILY = 3;
				TVOS_DEPLOYMENT_TARGET = 9.2;
			};
			name = Debug;
		};
		2D02E4981E0B4A5E006451C7 /* Release */ = {
			isa = XCBuildConfiguration;
			baseConfigurationReference = 089DB39566447306B3B8D94F /* Pods-desinfurnator-tvOS.release.xcconfig */;
			buildSettings = {
				ASSETCATALOG_COMPILER_APPICON_NAME = "App Icon & Top Shelf Image";
				ASSETCATALOG_COMPILER_LAUNCHIMAGE_NAME = LaunchImage;
				CLANG_ANALYZER_NONNULL = YES;
				CLANG_WARN_DOCUMENTATION_COMMENTS = YES;
				CLANG_WARN_INFINITE_RECURSION = YES;
				CLANG_WARN_SUSPICIOUS_MOVE = YES;
				COPY_PHASE_STRIP = NO;
				DEBUG_INFORMATION_FORMAT = "dwarf-with-dsym";
				GCC_NO_COMMON_BLOCKS = YES;
				INFOPLIST_FILE = "desinfurnator-tvOS/Info.plist";
				LD_RUNPATH_SEARCH_PATHS = "$(inherited) @executable_path/Frameworks";
				OTHER_LDFLAGS = (
					"$(inherited)",
					"-ObjC",
					"-lc++",
				);
				PRODUCT_BUNDLE_IDENTIFIER = "com.facebook.REACT.desinfurnator-tvOS";
				PRODUCT_NAME = "$(TARGET_NAME)";
				SDKROOT = appletvos;
				TARGETED_DEVICE_FAMILY = 3;
				TVOS_DEPLOYMENT_TARGET = 9.2;
			};
			name = Release;
		};
		2D02E4991E0B4A5E006451C7 /* Debug */ = {
			isa = XCBuildConfiguration;
			baseConfigurationReference = A54181B820AA693DDC8E2DF6 /* Pods-desinfurnator-tvOSTests.debug.xcconfig */;
			buildSettings = {
				BUNDLE_LOADER = "$(TEST_HOST)";
				CLANG_ANALYZER_NONNULL = YES;
				CLANG_WARN_DOCUMENTATION_COMMENTS = YES;
				CLANG_WARN_INFINITE_RECURSION = YES;
				CLANG_WARN_SUSPICIOUS_MOVE = YES;
				DEBUG_INFORMATION_FORMAT = dwarf;
				ENABLE_TESTABILITY = YES;
				GCC_NO_COMMON_BLOCKS = YES;
				INFOPLIST_FILE = "desinfurnator-tvOSTests/Info.plist";
				LD_RUNPATH_SEARCH_PATHS = "$(inherited) @executable_path/Frameworks @loader_path/Frameworks";
				OTHER_LDFLAGS = (
					"$(inherited)",
					"-ObjC",
					"-lc++",
				);
				PRODUCT_BUNDLE_IDENTIFIER = "com.facebook.REACT.desinfurnator-tvOSTests";
				PRODUCT_NAME = "$(TARGET_NAME)";
				SDKROOT = appletvos;
				TEST_HOST = "$(BUILT_PRODUCTS_DIR)/desinfurnator-tvOS.app/desinfurnator-tvOS";
				TVOS_DEPLOYMENT_TARGET = 10.1;
			};
			name = Debug;
		};
		2D02E49A1E0B4A5E006451C7 /* Release */ = {
			isa = XCBuildConfiguration;
			baseConfigurationReference = 784DD1F8D6831A07A4D6A4FF /* Pods-desinfurnator-tvOSTests.release.xcconfig */;
			buildSettings = {
				BUNDLE_LOADER = "$(TEST_HOST)";
				CLANG_ANALYZER_NONNULL = YES;
				CLANG_WARN_DOCUMENTATION_COMMENTS = YES;
				CLANG_WARN_INFINITE_RECURSION = YES;
				CLANG_WARN_SUSPICIOUS_MOVE = YES;
				COPY_PHASE_STRIP = NO;
				DEBUG_INFORMATION_FORMAT = "dwarf-with-dsym";
				GCC_NO_COMMON_BLOCKS = YES;
				INFOPLIST_FILE = "desinfurnator-tvOSTests/Info.plist";
				LD_RUNPATH_SEARCH_PATHS = "$(inherited) @executable_path/Frameworks @loader_path/Frameworks";
				OTHER_LDFLAGS = (
					"$(inherited)",
					"-ObjC",
					"-lc++",
				);
				PRODUCT_BUNDLE_IDENTIFIER = "com.facebook.REACT.desinfurnator-tvOSTests";
				PRODUCT_NAME = "$(TARGET_NAME)";
				SDKROOT = appletvos;
				TEST_HOST = "$(BUILT_PRODUCTS_DIR)/desinfurnator-tvOS.app/desinfurnator-tvOS";
				TVOS_DEPLOYMENT_TARGET = 10.1;
			};
			name = Release;
		};
		83CBBA201A601CBA00E9B192 /* Debug */ = {
			isa = XCBuildConfiguration;
			buildSettings = {
				ALWAYS_SEARCH_USER_PATHS = NO;
				CLANG_CXX_LANGUAGE_STANDARD = "gnu++0x";
				CLANG_CXX_LIBRARY = "libc++";
				CLANG_ENABLE_MODULES = YES;
				CLANG_ENABLE_OBJC_ARC = YES;
				CLANG_WARN_BLOCK_CAPTURE_AUTORELEASING = YES;
				CLANG_WARN_BOOL_CONVERSION = YES;
				CLANG_WARN_COMMA = YES;
				CLANG_WARN_CONSTANT_CONVERSION = YES;
				CLANG_WARN_DEPRECATED_OBJC_IMPLEMENTATIONS = YES;
				CLANG_WARN_DIRECT_OBJC_ISA_USAGE = YES_ERROR;
				CLANG_WARN_EMPTY_BODY = YES;
				CLANG_WARN_ENUM_CONVERSION = YES;
				CLANG_WARN_INFINITE_RECURSION = YES;
				CLANG_WARN_INT_CONVERSION = YES;
				CLANG_WARN_NON_LITERAL_NULL_CONVERSION = YES;
				CLANG_WARN_OBJC_IMPLICIT_RETAIN_SELF = YES;
				CLANG_WARN_OBJC_LITERAL_CONVERSION = YES;
				CLANG_WARN_OBJC_ROOT_CLASS = YES_ERROR;
				CLANG_WARN_RANGE_LOOP_ANALYSIS = YES;
				CLANG_WARN_STRICT_PROTOTYPES = YES;
				CLANG_WARN_SUSPICIOUS_MOVE = YES;
				CLANG_WARN_UNREACHABLE_CODE = YES;
				CLANG_WARN__DUPLICATE_METHOD_MATCH = YES;
				"CODE_SIGN_IDENTITY[sdk=iphoneos*]" = "iPhone Developer";
				COPY_PHASE_STRIP = NO;
				ENABLE_STRICT_OBJC_MSGSEND = YES;
				ENABLE_TESTABILITY = YES;
				GCC_C_LANGUAGE_STANDARD = gnu99;
				GCC_DYNAMIC_NO_PIC = NO;
				GCC_NO_COMMON_BLOCKS = YES;
				GCC_OPTIMIZATION_LEVEL = 0;
				GCC_PREPROCESSOR_DEFINITIONS = (
					"DEBUG=1",
					"$(inherited)",
				);
				GCC_SYMBOLS_PRIVATE_EXTERN = NO;
				GCC_WARN_64_TO_32_BIT_CONVERSION = YES;
				GCC_WARN_ABOUT_RETURN_TYPE = YES_ERROR;
				GCC_WARN_UNDECLARED_SELECTOR = YES;
				GCC_WARN_UNINITIALIZED_AUTOS = YES_AGGRESSIVE;
				GCC_WARN_UNUSED_FUNCTION = YES;
				GCC_WARN_UNUSED_VARIABLE = YES;
				IPHONEOS_DEPLOYMENT_TARGET = 9.0;
				MTL_ENABLE_DEBUG_INFO = YES;
				ONLY_ACTIVE_ARCH = YES;
				SDKROOT = iphoneos;
			};
			name = Debug;
		};
		83CBBA211A601CBA00E9B192 /* Release */ = {
			isa = XCBuildConfiguration;
			buildSettings = {
				ALWAYS_SEARCH_USER_PATHS = NO;
				CLANG_CXX_LANGUAGE_STANDARD = "gnu++0x";
				CLANG_CXX_LIBRARY = "libc++";
				CLANG_ENABLE_MODULES = YES;
				CLANG_ENABLE_OBJC_ARC = YES;
				CLANG_WARN_BLOCK_CAPTURE_AUTORELEASING = YES;
				CLANG_WARN_BOOL_CONVERSION = YES;
				CLANG_WARN_COMMA = YES;
				CLANG_WARN_CONSTANT_CONVERSION = YES;
				CLANG_WARN_DEPRECATED_OBJC_IMPLEMENTATIONS = YES;
				CLANG_WARN_DIRECT_OBJC_ISA_USAGE = YES_ERROR;
				CLANG_WARN_EMPTY_BODY = YES;
				CLANG_WARN_ENUM_CONVERSION = YES;
				CLANG_WARN_INFINITE_RECURSION = YES;
				CLANG_WARN_INT_CONVERSION = YES;
				CLANG_WARN_NON_LITERAL_NULL_CONVERSION = YES;
				CLANG_WARN_OBJC_IMPLICIT_RETAIN_SELF = YES;
				CLANG_WARN_OBJC_LITERAL_CONVERSION = YES;
				CLANG_WARN_OBJC_ROOT_CLASS = YES_ERROR;
				CLANG_WARN_RANGE_LOOP_ANALYSIS = YES;
				CLANG_WARN_STRICT_PROTOTYPES = YES;
				CLANG_WARN_SUSPICIOUS_MOVE = YES;
				CLANG_WARN_UNREACHABLE_CODE = YES;
				CLANG_WARN__DUPLICATE_METHOD_MATCH = YES;
				"CODE_SIGN_IDENTITY[sdk=iphoneos*]" = "iPhone Developer";
				COPY_PHASE_STRIP = YES;
				ENABLE_NS_ASSERTIONS = NO;
				ENABLE_STRICT_OBJC_MSGSEND = YES;
				GCC_C_LANGUAGE_STANDARD = gnu99;
				GCC_NO_COMMON_BLOCKS = YES;
				GCC_WARN_64_TO_32_BIT_CONVERSION = YES;
				GCC_WARN_ABOUT_RETURN_TYPE = YES_ERROR;
				GCC_WARN_UNDECLARED_SELECTOR = YES;
				GCC_WARN_UNINITIALIZED_AUTOS = YES_AGGRESSIVE;
				GCC_WARN_UNUSED_FUNCTION = YES;
				GCC_WARN_UNUSED_VARIABLE = YES;
				IPHONEOS_DEPLOYMENT_TARGET = 9.0;
				MTL_ENABLE_DEBUG_INFO = NO;
				SDKROOT = iphoneos;
				VALIDATE_PRODUCT = YES;
			};
			name = Release;
		};
/* End XCBuildConfiguration section */

/* Begin XCConfigurationList section */
		00E357021AD99517003FC87E /* Build configuration list for PBXNativeTarget "desinfurnatorTests" */ = {
			isa = XCConfigurationList;
			buildConfigurations = (
				00E356F61AD99517003FC87E /* Debug */,
				00E356F71AD99517003FC87E /* Release */,
			);
			defaultConfigurationIsVisible = 0;
			defaultConfigurationName = Release;
		};
		13B07F931A680F5B00A75B9A /* Build configuration list for PBXNativeTarget "desinfurnator" */ = {
			isa = XCConfigurationList;
			buildConfigurations = (
				13B07F941A680F5B00A75B9A /* Debug */,
				13B07F951A680F5B00A75B9A /* Release */,
			);
			defaultConfigurationIsVisible = 0;
			defaultConfigurationName = Release;
		};
		2D02E4BA1E0B4A5E006451C7 /* Build configuration list for PBXNativeTarget "desinfurnator-tvOS" */ = {
			isa = XCConfigurationList;
			buildConfigurations = (
				2D02E4971E0B4A5E006451C7 /* Debug */,
				2D02E4981E0B4A5E006451C7 /* Release */,
			);
			defaultConfigurationIsVisible = 0;
			defaultConfigurationName = Release;
		};
		2D02E4BB1E0B4A5E006451C7 /* Build configuration list for PBXNativeTarget "desinfurnator-tvOSTests" */ = {
			isa = XCConfigurationList;
			buildConfigurations = (
				2D02E4991E0B4A5E006451C7 /* Debug */,
				2D02E49A1E0B4A5E006451C7 /* Release */,
			);
			defaultConfigurationIsVisible = 0;
			defaultConfigurationName = Release;
		};
		83CBB9FA1A601CBA00E9B192 /* Build configuration list for PBXProject "desinfurnator" */ = {
			isa = XCConfigurationList;
			buildConfigurations = (
				83CBBA201A601CBA00E9B192 /* Debug */,
				83CBBA211A601CBA00E9B192 /* Release */,
			);
			defaultConfigurationIsVisible = 0;
			defaultConfigurationName = Release;
		};
/* End XCConfigurationList section */
	};
	rootObject = 83CBB9F71A601CBA00E9B192 /* Project object */;
}
